// !$*UTF8*$!
{
	archiveVersion = 1;
	classes = {
	};
	objectVersion = 51;
	objects = {

/* Begin PBXBuildFile section */
		3528EB89268EE2730070040C /* DeviceViewController.swift in Sources */ = {isa = PBXBuildFile; fileRef = 3528EB85268EE2730070040C /* DeviceViewController.swift */; };
		3528EB8A268EE2730070040C /* A4xPlayerView_Demo.swift in Sources */ = {isa = PBXBuildFile; fileRef = 3528EB86268EE2730070040C /* A4xPlayerView_Demo.swift */; };
		3528EB8B268EE2730070040C /* PlayerViewController.swift in Sources */ = {isa = PBXBuildFile; fileRef = 3528EB87268EE2730070040C /* PlayerViewController.swift */; };
		3528EB8C268EE2730070040C /* MainViewController.swift in Sources */ = {isa = PBXBuildFile; fileRef = 3528EB88268EE2730070040C /* MainViewController.swift */; };
		3578D85B268C51A4004239F6 /* AppDelegate.swift in Sources */ = {isa = PBXBuildFile; fileRef = 3578D85A268C51A4004239F6 /* AppDelegate.swift */; };
		3578D862268C51A4004239F6 /* Main.storyboard in Resources */ = {isa = PBXBuildFile; fileRef = 3578D860268C51A4004239F6 /* Main.storyboard */; };
		3578D864268C51A6004239F6 /* Assets.xcassets in Resources */ = {isa = PBXBuildFile; fileRef = 3578D863268C51A6004239F6 /* Assets.xcassets */; };
		3578D867268C51A6004239F6 /* LaunchScreen.storyboard in Resources */ = {isa = PBXBuildFile; fileRef = 3578D865268C51A6004239F6 /* LaunchScreen.storyboard */; };
		357AF53326923BC20030C199 /* R.generated.swift in Sources */ = {isa = PBXBuildFile; fileRef = 357AF53226923BC20030C199 /* R.generated.swift */; };
		41D90A8715A4265FED68B9C5 /* Pods_A4xDevice_Demo.framework in Frameworks */ = {isa = PBXBuildFile; fileRef = 61926E95952775F13363348B /* Pods_A4xDevice_Demo.framework */; };
/* End PBXBuildFile section */

/* Begin PBXFileReference section */
		20D86B704D2180AF65928D53 /* Pods-A4xDevice_Demo.debug.xcconfig */ = {isa = PBXFileReference; includeInIndex = 1; lastKnownFileType = text.xcconfig; name = "Pods-A4xDevice_Demo.debug.xcconfig"; path = "Target Support Files/Pods-A4xDevice_Demo/Pods-A4xDevice_Demo.debug.xcconfig"; sourceTree = "<group>"; };
		3528EB85268EE2730070040C /* DeviceViewController.swift */ = {isa = PBXFileReference; fileEncoding = 4; lastKnownFileType = sourcecode.swift; path = DeviceViewController.swift; sourceTree = "<group>"; };
		3528EB86268EE2730070040C /* A4xPlayerView_Demo.swift */ = {isa = PBXFileReference; fileEncoding = 4; lastKnownFileType = sourcecode.swift; path = A4xPlayerView_Demo.swift; sourceTree = "<group>"; };
		3528EB87268EE2730070040C /* PlayerViewController.swift */ = {isa = PBXFileReference; fileEncoding = 4; lastKnownFileType = sourcecode.swift; path = PlayerViewController.swift; sourceTree = "<group>"; };
		3528EB88268EE2730070040C /* MainViewController.swift */ = {isa = PBXFileReference; fileEncoding = 4; lastKnownFileType = sourcecode.swift; path = MainViewController.swift; sourceTree = "<group>"; };
		3528EBB8268EEF1E0070040C /* A4xDevice_Demo.entitlements */ = {isa = PBXFileReference; lastKnownFileType = text.plist.entitlements; path = A4xDevice_Demo.entitlements; sourceTree = "<group>"; };
		3528EBBA268EEF330070040C /* zh-Hans */ = {isa = PBXFileReference; lastKnownFileType = text.plist.strings; name = "zh-Hans"; path = "zh-Hans.lproj/Main.strings"; sourceTree = "<group>"; };
		3528EBBB268EEF340070040C /* zh-Hans */ = {isa = PBXFileReference; lastKnownFileType = text.plist.strings; name = "zh-Hans"; path = "zh-Hans.lproj/LaunchScreen.strings"; sourceTree = "<group>"; };
		3578D857268C51A4004239F6 /* A4xDevice_Demo.app */ = {isa = PBXFileReference; explicitFileType = wrapper.application; includeInIndex = 0; path = A4xDevice_Demo.app; sourceTree = BUILT_PRODUCTS_DIR; };
		3578D85A268C51A4004239F6 /* AppDelegate.swift */ = {isa = PBXFileReference; lastKnownFileType = sourcecode.swift; path = AppDelegate.swift; sourceTree = "<group>"; };
		3578D861268C51A4004239F6 /* Base */ = {isa = PBXFileReference; lastKnownFileType = file.storyboard; name = Base; path = Base.lproj/Main.storyboard; sourceTree = "<group>"; };
		3578D863268C51A6004239F6 /* Assets.xcassets */ = {isa = PBXFileReference; lastKnownFileType = folder.assetcatalog; path = Assets.xcassets; sourceTree = "<group>"; };
		3578D866268C51A6004239F6 /* Base */ = {isa = PBXFileReference; lastKnownFileType = file.storyboard; name = Base; path = Base.lproj/LaunchScreen.storyboard; sourceTree = "<group>"; };
		3578D868268C51A6004239F6 /* Info.plist */ = {isa = PBXFileReference; lastKnownFileType = text.plist.xml; path = Info.plist; sourceTree = "<group>"; };
		357AF53226923BC20030C199 /* R.generated.swift */ = {isa = PBXFileReference; fileEncoding = 4; lastKnownFileType = sourcecode.swift; path = R.generated.swift; sourceTree = SOURCE_ROOT; };
		61926E95952775F13363348B /* Pods_A4xDevice_Demo.framework */ = {isa = PBXFileReference; explicitFileType = wrapper.framework; includeInIndex = 0; path = Pods_A4xDevice_Demo.framework; sourceTree = BUILT_PRODUCTS_DIR; };
		ADB7BF215187F7D69B11529B /* Pods-A4xDevice_Demo.release.xcconfig */ = {isa = PBXFileReference; includeInIndex = 1; lastKnownFileType = text.xcconfig; name = "Pods-A4xDevice_Demo.release.xcconfig"; path = "Target Support Files/Pods-A4xDevice_Demo/Pods-A4xDevice_Demo.release.xcconfig"; sourceTree = "<group>"; };
/* End PBXFileReference section */

/* Begin PBXFrameworksBuildPhase section */
		3578D854268C51A4004239F6 /* Frameworks */ = {
			isa = PBXFrameworksBuildPhase;
			buildActionMask = 2147483647;
			files = (
				41D90A8715A4265FED68B9C5 /* Pods_A4xDevice_Demo.framework in Frameworks */,
			);
			runOnlyForDeploymentPostprocessing = 0;
		};
/* End PBXFrameworksBuildPhase section */

/* Begin PBXGroup section */
		3578D84E268C51A4004239F6 = {
			isa = PBXGroup;
			children = (
				3578D859268C51A4004239F6 /* A4xDevice_Demo */,
				3578D858268C51A4004239F6 /* Products */,
				CFF9A664D580C3066D428E3A /* Pods */,
				FF0276827472720A4288F49A /* Frameworks */,
			);
			sourceTree = "<group>";
		};
		3578D858268C51A4004239F6 /* Products */ = {
			isa = PBXGroup;
			children = (
				3578D857268C51A4004239F6 /* A4xDevice_Demo.app */,
			);
			name = Products;
			sourceTree = "<group>";
		};
		3578D859268C51A4004239F6 /* A4xDevice_Demo */ = {
			isa = PBXGroup;
			children = (
				3528EBB8268EEF1E0070040C /* A4xDevice_Demo.entitlements */,
				357AF53226923BC20030C199 /* R.generated.swift */,
				3528EB86268EE2730070040C /* A4xPlayerView_Demo.swift */,
				3528EB85268EE2730070040C /* DeviceViewController.swift */,
				3528EB88268EE2730070040C /* MainViewController.swift */,
				3528EB87268EE2730070040C /* PlayerViewController.swift */,
				3578D85A268C51A4004239F6 /* AppDelegate.swift */,
				3578D860268C51A4004239F6 /* Main.storyboard */,
				3578D863268C51A6004239F6 /* Assets.xcassets */,
				3578D865268C51A6004239F6 /* LaunchScreen.storyboard */,
				3578D868268C51A6004239F6 /* Info.plist */,
			);
			path = A4xDevice_Demo;
			sourceTree = "<group>";
		};
		CFF9A664D580C3066D428E3A /* Pods */ = {
			isa = PBXGroup;
			children = (
				20D86B704D2180AF65928D53 /* Pods-A4xDevice_Demo.debug.xcconfig */,
				ADB7BF215187F7D69B11529B /* Pods-A4xDevice_Demo.release.xcconfig */,
			);
			path = Pods;
			sourceTree = "<group>";
		};
		FF0276827472720A4288F49A /* Frameworks */ = {
			isa = PBXGroup;
			children = (
				61926E95952775F13363348B /* Pods_A4xDevice_Demo.framework */,
			);
			name = Frameworks;
			sourceTree = "<group>";
		};
/* End PBXGroup section */

/* Begin PBXNativeTarget section */
		3578D856268C51A4004239F6 /* A4xDevice_Demo */ = {
			isa = PBXNativeTarget;
			buildConfigurationList = 3578D86B268C51A6004239F6 /* Build configuration list for PBXNativeTarget "A4xDevice_Demo" */;
			buildPhases = (
				C8A78AF6DC80EDAF9BE57783 /* [CP] Check Pods Manifest.lock */,
				3578D853268C51A4004239F6 /* Sources */,
				3578D854268C51A4004239F6 /* Frameworks */,
				3578D855268C51A4004239F6 /* Resources */,
				D6B09A506FC30E718D02C8ED /* [CP] Embed Pods Frameworks */,
				58BA0680C101ECB89B842888 /* [CP] Copy Pods Resources */,
			);
			buildRules = (
			);
			dependencies = (
			);
			name = A4xDevice_Demo;
			productName = A4xDevice_Demo;
			productReference = 3578D857268C51A4004239F6 /* A4xDevice_Demo.app */;
			productType = "com.apple.product-type.application";
		};
/* End PBXNativeTarget section */

/* Begin PBXProject section */
		3578D84F268C51A4004239F6 /* Project object */ = {
			isa = PBXProject;
			attributes = {
				LastSwiftUpdateCheck = 1220;
				LastUpgradeCheck = 1220;
				TargetAttributes = {
					3578D856268C51A4004239F6 = {
						CreatedOnToolsVersion = 12.2;
					};
				};
			};
			buildConfigurationList = 3578D852268C51A4004239F6 /* Build configuration list for PBXProject "A4xDevice_Demo" */;
			compatibilityVersion = "Xcode 9.3";
			developmentRegion = en;
			hasScannedForEncodings = 0;
			knownRegions = (
				en,
				Base,
				"zh-Hans",
			);
			mainGroup = 3578D84E268C51A4004239F6;
			productRefGroup = 3578D858268C51A4004239F6 /* Products */;
			projectDirPath = "";
			projectRoot = "";
			targets = (
				3578D856268C51A4004239F6 /* A4xDevice_Demo */,
			);
		};
/* End PBXProject section */

/* Begin PBXResourcesBuildPhase section */
		3578D855268C51A4004239F6 /* Resources */ = {
			isa = PBXResourcesBuildPhase;
			buildActionMask = 2147483647;
			files = (
				3578D867268C51A6004239F6 /* LaunchScreen.storyboard in Resources */,
				3578D864268C51A6004239F6 /* Assets.xcassets in Resources */,
				3578D862268C51A4004239F6 /* Main.storyboard in Resources */,
			);
			runOnlyForDeploymentPostprocessing = 0;
		};
/* End PBXResourcesBuildPhase section */

/* Begin PBXShellScriptBuildPhase section */
		58BA0680C101ECB89B842888 /* [CP] Copy Pods Resources */ = {
			isa = PBXShellScriptBuildPhase;
			buildActionMask = 2147483647;
			files = (
			);
			inputFileListPaths = (
				"${PODS_ROOT}/Target Support Files/Pods-A4xDevice_Demo/Pods-A4xDevice_Demo-resources-${CONFIGURATION}-input-files.xcfilelist",
			);
			name = "[CP] Copy Pods Resources";
			outputFileListPaths = (
				"${PODS_ROOT}/Target Support Files/Pods-A4xDevice_Demo/Pods-A4xDevice_Demo-resources-${CONFIGURATION}-output-files.xcfilelist",
			);
			runOnlyForDeploymentPostprocessing = 0;
			shellPath = /bin/sh;
			shellScript = "\"${PODS_ROOT}/Target Support Files/Pods-A4xDevice_Demo/Pods-A4xDevice_Demo-resources.sh\"\n";
			showEnvVarsInLog = 0;
		};
		C8A78AF6DC80EDAF9BE57783 /* [CP] Check Pods Manifest.lock */ = {
			isa = PBXShellScriptBuildPhase;
			buildActionMask = 2147483647;
			files = (
			);
			inputFileListPaths = (
			);
			inputPaths = (
				"${PODS_PODFILE_DIR_PATH}/Podfile.lock",
				"${PODS_ROOT}/Manifest.lock",
			);
			name = "[CP] Check Pods Manifest.lock";
			outputFileListPaths = (
			);
			outputPaths = (
				"$(DERIVED_FILE_DIR)/Pods-A4xDevice_Demo-checkManifestLockResult.txt",
			);
			runOnlyForDeploymentPostprocessing = 0;
			shellPath = /bin/sh;
			shellScript = "diff \"${PODS_PODFILE_DIR_PATH}/Podfile.lock\" \"${PODS_ROOT}/Manifest.lock\" > /dev/null\nif [ $? != 0 ] ; then\n    # print error to STDERR\n    echo \"error: The sandbox is not in sync with the Podfile.lock. Run 'pod install' or update your CocoaPods installation.\" >&2\n    exit 1\nfi\n# This output is used by Xcode 'outputs' to avoid re-running this script phase.\necho \"SUCCESS\" > \"${SCRIPT_OUTPUT_FILE_0}\"\n";
			showEnvVarsInLog = 0;
		};
		D6B09A506FC30E718D02C8ED /* [CP] Embed Pods Frameworks */ = {
			isa = PBXShellScriptBuildPhase;
			buildActionMask = 2147483647;
			files = (
			);
			inputFileListPaths = (
				"${PODS_ROOT}/Target Support Files/Pods-A4xDevice_Demo/Pods-A4xDevice_Demo-frameworks-${CONFIGURATION}-input-files.xcfilelist",
			);
			name = "[CP] Embed Pods Frameworks";
			outputFileListPaths = (
				"${PODS_ROOT}/Target Support Files/Pods-A4xDevice_Demo/Pods-A4xDevice_Demo-frameworks-${CONFIGURATION}-output-files.xcfilelist",
			);
			runOnlyForDeploymentPostprocessing = 0;
			shellPath = /bin/sh;
			shellScript = "\"${PODS_ROOT}/Target Support Files/Pods-A4xDevice_Demo/Pods-A4xDevice_Demo-frameworks.sh\"\n";
			showEnvVarsInLog = 0;
		};
/* End PBXShellScriptBuildPhase section */

/* Begin PBXSourcesBuildPhase section */
		3578D853268C51A4004239F6 /* Sources */ = {
			isa = PBXSourcesBuildPhase;
			buildActionMask = 2147483647;
			files = (
				3528EB8A268EE2730070040C /* A4xPlayerView_Demo.swift in Sources */,
				3528EB8B268EE2730070040C /* PlayerViewController.swift in Sources */,
				3528EB89268EE2730070040C /* DeviceViewController.swift in Sources */,
				3578D85B268C51A4004239F6 /* AppDelegate.swift in Sources */,
				357AF53326923BC20030C199 /* R.generated.swift in Sources */,
				3528EB8C268EE2730070040C /* MainViewController.swift in Sources */,
			);
			runOnlyForDeploymentPostprocessing = 0;
		};
/* End PBXSourcesBuildPhase section */

/* Begin PBXVariantGroup section */
		3578D860268C51A4004239F6 /* Main.storyboard */ = {
			isa = PBXVariantGroup;
			children = (
				3578D861268C51A4004239F6 /* Base */,
				3528EBBA268EEF330070040C /* zh-Hans */,
			);
			name = Main.storyboard;
			sourceTree = "<group>";
		};
		3578D865268C51A6004239F6 /* LaunchScreen.storyboard */ = {
			isa = PBXVariantGroup;
			children = (
				3578D866268C51A6004239F6 /* Base */,
				3528EBBB268EEF340070040C /* zh-Hans */,
			);
			name = LaunchScreen.storyboard;
			sourceTree = "<group>";
		};
/* End PBXVariantGroup section */

/* Begin XCBuildConfiguration section */
		3578D869268C51A6004239F6 /* Debug */ = {
			isa = XCBuildConfiguration;
			buildSettings = {
				ALWAYS_SEARCH_USER_PATHS = NO;
				CLANG_ANALYZER_LOCALIZABILITY_NONLOCALIZED = YES;
				CLANG_ANALYZER_NONNULL = YES;
				CLANG_ANALYZER_NUMBER_OBJECT_CONVERSION = YES_AGGRESSIVE;
				CLANG_CXX_LANGUAGE_STANDARD = "gnu++14";
				CLANG_CXX_LIBRARY = "libc++";
				CLANG_ENABLE_MODULES = YES;
				CLANG_ENABLE_OBJC_ARC = YES;
				CLANG_ENABLE_OBJC_WEAK = YES;
				CLANG_WARN_BLOCK_CAPTURE_AUTORELEASING = YES;
				CLANG_WARN_BOOL_CONVERSION = YES;
				CLANG_WARN_COMMA = YES;
				CLANG_WARN_CONSTANT_CONVERSION = YES;
				CLANG_WARN_DEPRECATED_OBJC_IMPLEMENTATIONS = YES;
				CLANG_WARN_DIRECT_OBJC_ISA_USAGE = YES_ERROR;
				CLANG_WARN_DOCUMENTATION_COMMENTS = YES;
				CLANG_WARN_EMPTY_BODY = YES;
				CLANG_WARN_ENUM_CONVERSION = YES;
				CLANG_WARN_INFINITE_RECURSION = YES;
				CLANG_WARN_INT_CONVERSION = YES;
				CLANG_WARN_NON_LITERAL_NULL_CONVERSION = YES;
				CLANG_WARN_OBJC_IMPLICIT_RETAIN_SELF = YES;
				CLANG_WARN_OBJC_LITERAL_CONVERSION = YES;
				CLANG_WARN_OBJC_ROOT_CLASS = YES_ERROR;
				CLANG_WARN_QUOTED_INCLUDE_IN_FRAMEWORK_HEADER = YES;
				CLANG_WARN_RANGE_LOOP_ANALYSIS = YES;
				CLANG_WARN_STRICT_PROTOTYPES = YES;
				CLANG_WARN_SUSPICIOUS_MOVE = YES;
				CLANG_WARN_UNGUARDED_AVAILABILITY = YES_AGGRESSIVE;
				CLANG_WARN_UNREACHABLE_CODE = YES;
				CLANG_WARN__DUPLICATE_METHOD_MATCH = YES;
				COPY_PHASE_STRIP = NO;
				DEBUG_INFORMATION_FORMAT = dwarf;
				ENABLE_STRICT_OBJC_MSGSEND = YES;
				ENABLE_TESTABILITY = YES;
				GCC_C_LANGUAGE_STANDARD = gnu11;
				GCC_DYNAMIC_NO_PIC = NO;
				GCC_NO_COMMON_BLOCKS = YES;
				GCC_OPTIMIZATION_LEVEL = 0;
				GCC_PREPROCESSOR_DEFINITIONS = (
					"DEBUG=1",
					"$(inherited)",
				);
				GCC_WARN_64_TO_32_BIT_CONVERSION = YES;
				GCC_WARN_ABOUT_RETURN_TYPE = YES_ERROR;
				GCC_WARN_UNDECLARED_SELECTOR = YES;
				GCC_WARN_UNINITIALIZED_AUTOS = YES_AGGRESSIVE;
				GCC_WARN_UNUSED_FUNCTION = YES;
				GCC_WARN_UNUSED_VARIABLE = YES;
				IPHONEOS_DEPLOYMENT_TARGET = 14.2;
				MTL_ENABLE_DEBUG_INFO = INCLUDE_SOURCE;
				MTL_FAST_MATH = YES;
				ONLY_ACTIVE_ARCH = YES;
				SDKROOT = iphoneos;
				SWIFT_ACTIVE_COMPILATION_CONDITIONS = DEBUG;
				SWIFT_OPTIMIZATION_LEVEL = "-Onone";
			};
			name = Debug;
		};
		3578D86A268C51A6004239F6 /* Release */ = {
			isa = XCBuildConfiguration;
			buildSettings = {
				ALWAYS_SEARCH_USER_PATHS = NO;
				CLANG_ANALYZER_LOCALIZABILITY_NONLOCALIZED = YES;
				CLANG_ANALYZER_NONNULL = YES;
				CLANG_ANALYZER_NUMBER_OBJECT_CONVERSION = YES_AGGRESSIVE;
				CLANG_CXX_LANGUAGE_STANDARD = "gnu++14";
				CLANG_CXX_LIBRARY = "libc++";
				CLANG_ENABLE_MODULES = YES;
				CLANG_ENABLE_OBJC_ARC = YES;
				CLANG_ENABLE_OBJC_WEAK = YES;
				CLANG_WARN_BLOCK_CAPTURE_AUTORELEASING = YES;
				CLANG_WARN_BOOL_CONVERSION = YES;
				CLANG_WARN_COMMA = YES;
				CLANG_WARN_CONSTANT_CONVERSION = YES;
				CLANG_WARN_DEPRECATED_OBJC_IMPLEMENTATIONS = YES;
				CLANG_WARN_DIRECT_OBJC_ISA_USAGE = YES_ERROR;
				CLANG_WARN_DOCUMENTATION_COMMENTS = YES;
				CLANG_WARN_EMPTY_BODY = YES;
				CLANG_WARN_ENUM_CONVERSION = YES;
				CLANG_WARN_INFINITE_RECURSION = YES;
				CLANG_WARN_INT_CONVERSION = YES;
				CLANG_WARN_NON_LITERAL_NULL_CONVERSION = YES;
				CLANG_WARN_OBJC_IMPLICIT_RETAIN_SELF = YES;
				CLANG_WARN_OBJC_LITERAL_CONVERSION = YES;
				CLANG_WARN_OBJC_ROOT_CLASS = YES_ERROR;
				CLANG_WARN_QUOTED_INCLUDE_IN_FRAMEWORK_HEADER = YES;
				CLANG_WARN_RANGE_LOOP_ANALYSIS = YES;
				CLANG_WARN_STRICT_PROTOTYPES = YES;
				CLANG_WARN_SUSPICIOUS_MOVE = YES;
				CLANG_WARN_UNGUARDED_AVAILABILITY = YES_AGGRESSIVE;
				CLANG_WARN_UNREACHABLE_CODE = YES;
				CLANG_WARN__DUPLICATE_METHOD_MATCH = YES;
				COPY_PHASE_STRIP = NO;
				DEBUG_INFORMATION_FORMAT = "dwarf-with-dsym";
				ENABLE_NS_ASSERTIONS = NO;
				ENABLE_STRICT_OBJC_MSGSEND = YES;
				GCC_C_LANGUAGE_STANDARD = gnu11;
				GCC_NO_COMMON_BLOCKS = YES;
				GCC_WARN_64_TO_32_BIT_CONVERSION = YES;
				GCC_WARN_ABOUT_RETURN_TYPE = YES_ERROR;
				GCC_WARN_UNDECLARED_SELECTOR = YES;
				GCC_WARN_UNINITIALIZED_AUTOS = YES_AGGRESSIVE;
				GCC_WARN_UNUSED_FUNCTION = YES;
				GCC_WARN_UNUSED_VARIABLE = YES;
				IPHONEOS_DEPLOYMENT_TARGET = 14.2;
				MTL_ENABLE_DEBUG_INFO = NO;
				MTL_FAST_MATH = YES;
				SDKROOT = iphoneos;
				SWIFT_COMPILATION_MODE = wholemodule;
				SWIFT_OPTIMIZATION_LEVEL = "-O";
				VALIDATE_PRODUCT = YES;
			};
			name = Release;
		};
		3578D86C268C51A6004239F6 /* Debug */ = {
			isa = XCBuildConfiguration;
			baseConfigurationReference = 20D86B704D2180AF65928D53 /* Pods-A4xDevice_Demo.debug.xcconfig */;
			buildSettings = {
				ASSETCATALOG_COMPILER_APPICON_NAME = AppIcon;
				ASSETCATALOG_COMPILER_GLOBAL_ACCENT_COLOR_NAME = AccentColor;
				CODE_SIGN_ENTITLEMENTS = A4xDevice_Demo/A4xDevice_Demo.entitlements;
				CODE_SIGN_STYLE = Automatic;
				DEVELOPMENT_TEAM = ZRUS6Y6U7C;
				FRAMEWORK_SEARCH_PATHS = (
					"$(inherited)",
					"$(PROJECT_DIR)/A4xDevice_Demo",
				);
				INFOPLIST_FILE = A4xDevice_Demo/Info.plist;
				IPHONEOS_DEPLOYMENT_TARGET = 11.0;
				LD_RUNPATH_SEARCH_PATHS = (
					"$(inherited)",
					"@executable_path/Frameworks",
				);
				PRODUCT_BUNDLE_IDENTIFIER = "a4x.ai.A4xDevice-Demo";
				PRODUCT_NAME = "$(TARGET_NAME)";
				SWIFT_VERSION = 4.2;
				TARGETED_DEVICE_FAMILY = "1,2";
			};
			name = Debug;
		};
		3578D86D268C51A6004239F6 /* Release */ = {
			isa = XCBuildConfiguration;
			baseConfigurationReference = ADB7BF215187F7D69B11529B /* Pods-A4xDevice_Demo.release.xcconfig */;
			buildSettings = {
				ASSETCATALOG_COMPILER_APPICON_NAME = AppIcon;
				ASSETCATALOG_COMPILER_GLOBAL_ACCENT_COLOR_NAME = AccentColor;
				CODE_SIGN_ENTITLEMENTS = A4xDevice_Demo/A4xDevice_Demo.entitlements;
				CODE_SIGN_STYLE = Automatic;
				DEVELOPMENT_TEAM = ZRUS6Y6U7C;
				FRAMEWORK_SEARCH_PATHS = (
					"$(inherited)",
					"$(PROJECT_DIR)/A4xDevice_Demo",
				);
				INFOPLIST_FILE = A4xDevice_Demo/Info.plist;
				IPHONEOS_DEPLOYMENT_TARGET = 11.0;
				LD_RUNPATH_SEARCH_PATHS = (
					"$(inherited)",
					"@executable_path/Frameworks",
				);
				PRODUCT_BUNDLE_IDENTIFIER = "a4x.ai.A4xDevice-Demo";
				PRODUCT_NAME = "$(TARGET_NAME)";
				SWIFT_VERSION = 4.2;
				TARGETED_DEVICE_FAMILY = "1,2";
			};
			name = Release;
		};
/* End XCBuildConfiguration section */

/* Begin XCConfigurationList section */
		3578D852268C51A4004239F6 /* Build configuration list for PBXProject "A4xDevice_Demo" */ = {
			isa = XCConfigurationList;
			buildConfigurations = (
				3578D869268C51A6004239F6 /* Debug */,
				3578D86A268C51A6004239F6 /* Release */,
			);
			defaultConfigurationIsVisible = 0;
			defaultConfigurationName = Release;
		};
		3578D86B268C51A6004239F6 /* Build configuration list for PBXNativeTarget "A4xDevice_Demo" */ = {
			isa = XCConfigurationList;
			buildConfigurations = (
				3578D86C268C51A6004239F6 /* Debug */,
				3578D86D268C51A6004239F6 /* Release */,
			);
			defaultConfigurationIsVisible = 0;
			defaultConfigurationName = Release;
		};
/* End XCConfigurationList section */
	};
	rootObject = 3578D84F268C51A4004239F6 /* Project object */;
}
